// !$*UTF8*$!
{
	archiveVersion = 1;
	classes = {
	};
	objectVersion = 50;
	objects = {

/* Begin PBXBuildFile section */
		52363CB62284F0C400B6FCB3 /* AppDelegate.swift in Sources */ = {isa = PBXBuildFile; fileRef = 52363CB52284F0C400B6FCB3 /* AppDelegate.swift */; };
		52363CB82284F0C500B6FCB3 /* ViewController.swift in Sources */ = {isa = PBXBuildFile; fileRef = 52363CB72284F0C500B6FCB3 /* ViewController.swift */; };
		52363CBB2284F0C500B6FCB3 /* Main.storyboard in Resources */ = {isa = PBXBuildFile; fileRef = 52363CB92284F0C500B6FCB3 /* Main.storyboard */; };
		52363CBD2284F0C900B6FCB3 /* Assets.xcassets in Resources */ = {isa = PBXBuildFile; fileRef = 52363CBC2284F0C900B6FCB3 /* Assets.xcassets */; };
		52363CC02284F0C900B6FCB3 /* LaunchScreen.storyboard in Resources */ = {isa = PBXBuildFile; fileRef = 52363CBE2284F0C900B6FCB3 /* LaunchScreen.storyboard */; };
		52363CCB2284F0C900B6FCB3 /* CurrencyCoverterTests.swift in Sources */ = {isa = PBXBuildFile; fileRef = 52363CCA2284F0C900B6FCB3 /* CurrencyCoverterTests.swift */; };
		52363CD62284F0CA00B6FCB3 /* CurrencyCoverterUITests.swift in Sources */ = {isa = PBXBuildFile; fileRef = 52363CD52284F0CA00B6FCB3 /* CurrencyCoverterUITests.swift */; };
/* End PBXBuildFile section */

/* Begin PBXContainerItemProxy section */
		52363CC72284F0C900B6FCB3 /* PBXContainerItemProxy */ = {
			isa = PBXContainerItemProxy;
			containerPortal = 52363CAA2284F0C400B6FCB3 /* Project object */;
			proxyType = 1;
			remoteGlobalIDString = 52363CB12284F0C400B6FCB3;
			remoteInfo = CurrencyCoverter;
		};
		52363CD22284F0C900B6FCB3 /* PBXContainerItemProxy */ = {
			isa = PBXContainerItemProxy;
			containerPortal = 52363CAA2284F0C400B6FCB3 /* Project object */;
			proxyType = 1;
			remoteGlobalIDString = 52363CB12284F0C400B6FCB3;
			remoteInfo = CurrencyCoverter;
		};
/* End PBXContainerItemProxy section */

/* Begin PBXFileReference section */
		52363CB22284F0C400B6FCB3 /* CurrencyCoverter.app */ = {isa = PBXFileReference; explicitFileType = wrapper.application; includeInIndex = 0; path = CurrencyCoverter.app; sourceTree = BUILT_PRODUCTS_DIR; };
		52363CB52284F0C400B6FCB3 /* AppDelegate.swift */ = {isa = PBXFileReference; lastKnownFileType = sourcecode.swift; path = AppDelegate.swift; sourceTree = "<group>"; };
		52363CB72284F0C500B6FCB3 /* ViewController.swift */ = {isa = PBXFileReference; lastKnownFileType = sourcecode.swift; path = ViewController.swift; sourceTree = "<group>"; };
		52363CBA2284F0C500B6FCB3 /* Base */ = {isa = PBXFileReference; lastKnownFileType = file.storyboard; name = Base; path = Base.lproj/Main.storyboard; sourceTree = "<group>"; };
		52363CBC2284F0C900B6FCB3 /* Assets.xcassets */ = {isa = PBXFileReference; lastKnownFileType = folder.assetcatalog; path = Assets.xcassets; sourceTree = "<group>"; };
		52363CBF2284F0C900B6FCB3 /* Base */ = {isa = PBXFileReference; lastKnownFileType = file.storyboard; name = Base; path = Base.lproj/LaunchScreen.storyboard; sourceTree = "<group>"; };
		52363CC12284F0C900B6FCB3 /* Info.plist */ = {isa = PBXFileReference; lastKnownFileType = text.plist.xml; path = Info.plist; sourceTree = "<group>"; };
		52363CC62284F0C900B6FCB3 /* CurrencyCoverterTests.xctest */ = {isa = PBXFileReference; explicitFileType = wrapper.cfbundle; includeInIndex = 0; path = CurrencyCoverterTests.xctest; sourceTree = BUILT_PRODUCTS_DIR; };
		52363CCA2284F0C900B6FCB3 /* CurrencyCoverterTests.swift */ = {isa = PBXFileReference; lastKnownFileType = sourcecode.swift; path = CurrencyCoverterTests.swift; sourceTree = "<group>"; };
		52363CCC2284F0C900B6FCB3 /* Info.plist */ = {isa = PBXFileReference; lastKnownFileType = text.plist.xml; path = Info.plist; sourceTree = "<group>"; };
		52363CD12284F0C900B6FCB3 /* CurrencyCoverterUITests.xctest */ = {isa = PBXFileReference; explicitFileType = wrapper.cfbundle; includeInIndex = 0; path = CurrencyCoverterUITests.xctest; sourceTree = BUILT_PRODUCTS_DIR; };
		52363CD52284F0CA00B6FCB3 /* CurrencyCoverterUITests.swift */ = {isa = PBXFileReference; lastKnownFileType = sourcecode.swift; path = CurrencyCoverterUITests.swift; sourceTree = "<group>"; };
		52363CD72284F0CA00B6FCB3 /* Info.plist */ = {isa = PBXFileReference; lastKnownFileType = text.plist.xml; path = Info.plist; sourceTree = "<group>"; };
/* End PBXFileReference section */

/* Begin PBXFrameworksBuildPhase section */
		52363CAF2284F0C400B6FCB3 /* Frameworks */ = {
			isa = PBXFrameworksBuildPhase;
			buildActionMask = 2147483647;
			files = (
			);
			runOnlyForDeploymentPostprocessing = 0;
		};
		52363CC32284F0C900B6FCB3 /* Frameworks */ = {
			isa = PBXFrameworksBuildPhase;
			buildActionMask = 2147483647;
			files = (
			);
			runOnlyForDeploymentPostprocessing = 0;
		};
		52363CCE2284F0C900B6FCB3 /* Frameworks */ = {
			isa = PBXFrameworksBuildPhase;
			buildActionMask = 2147483647;
			files = (
			);
			runOnlyForDeploymentPostprocessing = 0;
		};
/* End PBXFrameworksBuildPhase section */

/* Begin PBXGroup section */
		52363CA92284F0C400B6FCB3 = {
			isa = PBXGroup;
			children = (
				52363CB42284F0C400B6FCB3 /* CurrencyCoverter */,
				52363CC92284F0C900B6FCB3 /* CurrencyCoverterTests */,
				52363CD42284F0C900B6FCB3 /* CurrencyCoverterUITests */,
				52363CB32284F0C400B6FCB3 /* Products */,
			);
			sourceTree = "<group>";
		};
		52363CB32284F0C400B6FCB3 /* Products */ = {
			isa = PBXGroup;
			children = (
				52363CB22284F0C400B6FCB3 /* CurrencyCoverter.app */,
				52363CC62284F0C900B6FCB3 /* CurrencyCoverterTests.xctest */,
				52363CD12284F0C900B6FCB3 /* CurrencyCoverterUITests.xctest */,
			);
			name = Products;
			sourceTree = "<group>";
		};
		52363CB42284F0C400B6FCB3 /* CurrencyCoverter */ = {
			isa = PBXGroup;
			children = (
				52363CB52284F0C400B6FCB3 /* AppDelegate.swift */,
				52363CB72284F0C500B6FCB3 /* ViewController.swift */,
				52363CB92284F0C500B6FCB3 /* Main.storyboard */,
				52363CBC2284F0C900B6FCB3 /* Assets.xcassets */,
				52363CBE2284F0C900B6FCB3 /* LaunchScreen.storyboard */,
				52363CC12284F0C900B6FCB3 /* Info.plist */,
			);
			path = CurrencyCoverter;
			sourceTree = "<group>";
		};
		52363CC92284F0C900B6FCB3 /* CurrencyCoverterTests */ = {
			isa = PBXGroup;
			children = (
				52363CCA2284F0C900B6FCB3 /* CurrencyCoverterTests.swift */,
				52363CCC2284F0C900B6FCB3 /* Info.plist */,
			);
			path = CurrencyCoverterTests;
			sourceTree = "<group>";
		};
		52363CD42284F0C900B6FCB3 /* CurrencyCoverterUITests */ = {
			isa = PBXGroup;
			children = (
				52363CD52284F0CA00B6FCB3 /* CurrencyCoverterUITests.swift */,
				52363CD72284F0CA00B6FCB3 /* Info.plist */,
			);
			path = CurrencyCoverterUITests;
			sourceTree = "<group>";
		};
/* End PBXGroup section */

/* Begin PBXNativeTarget section */
		52363CB12284F0C400B6FCB3 /* CurrencyCoverter */ = {
			isa = PBXNativeTarget;
			buildConfigurationList = 52363CDA2284F0CA00B6FCB3 /* Build configuration list for PBXNativeTarget "CurrencyCoverter" */;
			buildPhases = (
				52363CAE2284F0C400B6FCB3 /* Sources */,
				52363CAF2284F0C400B6FCB3 /* Frameworks */,
				52363CB02284F0C400B6FCB3 /* Resources */,
			);
			buildRules = (
			);
			dependencies = (
			);
			name = CurrencyCoverter;
			productName = CurrencyCoverter;
			productReference = 52363CB22284F0C400B6FCB3 /* CurrencyCoverter.app */;
			productType = "com.apple.product-type.application";
		};
		52363CC52284F0C900B6FCB3 /* CurrencyCoverterTests */ = {
			isa = PBXNativeTarget;
			buildConfigurationList = 52363CDD2284F0CA00B6FCB3 /* Build configuration list for PBXNativeTarget "CurrencyCoverterTests" */;
			buildPhases = (
				52363CC22284F0C900B6FCB3 /* Sources */,
				52363CC32284F0C900B6FCB3 /* Frameworks */,
				52363CC42284F0C900B6FCB3 /* Resources */,
			);
			buildRules = (
			);
			dependencies = (
				52363CC82284F0C900B6FCB3 /* PBXTargetDependency */,
			);
			name = CurrencyCoverterTests;
			productName = CurrencyCoverterTests;
			productReference = 52363CC62284F0C900B6FCB3 /* CurrencyCoverterTests.xctest */;
			productType = "com.apple.product-type.bundle.unit-test";
		};
		52363CD02284F0C900B6FCB3 /* CurrencyCoverterUITests */ = {
			isa = PBXNativeTarget;
			buildConfigurationList = 52363CE02284F0CA00B6FCB3 /* Build configuration list for PBXNativeTarget "CurrencyCoverterUITests" */;
			buildPhases = (
				52363CCD2284F0C900B6FCB3 /* Sources */,
				52363CCE2284F0C900B6FCB3 /* Frameworks */,
				52363CCF2284F0C900B6FCB3 /* Resources */,
			);
			buildRules = (
			);
			dependencies = (
				52363CD32284F0C900B6FCB3 /* PBXTargetDependency */,
			);
			name = CurrencyCoverterUITests;
			productName = CurrencyCoverterUITests;
			productReference = 52363CD12284F0C900B6FCB3 /* CurrencyCoverterUITests.xctest */;
			productType = "com.apple.product-type.bundle.ui-testing";
		};
/* End PBXNativeTarget section */

/* Begin PBXProject section */
		52363CAA2284F0C400B6FCB3 /* Project object */ = {
			isa = PBXProject;
			attributes = {
				LastSwiftUpdateCheck = 1010;
				LastUpgradeCheck = 1010;
				ORGANIZATIONNAME = Hanting;
				TargetAttributes = {
					52363CB12284F0C400B6FCB3 = {
						CreatedOnToolsVersion = 10.1;
					};
					52363CC52284F0C900B6FCB3 = {
						CreatedOnToolsVersion = 10.1;
						TestTargetID = 52363CB12284F0C400B6FCB3;
					};
					52363CD02284F0C900B6FCB3 = {
						CreatedOnToolsVersion = 10.1;
						TestTargetID = 52363CB12284F0C400B6FCB3;
					};
				};
			};
			buildConfigurationList = 52363CAD2284F0C400B6FCB3 /* Build configuration list for PBXProject "CurrencyCoverter" */;
			compatibilityVersion = "Xcode 9.3";
			developmentRegion = en;
			hasScannedForEncodings = 0;
			knownRegions = (
				en,
				Base,
			);
			mainGroup = 52363CA92284F0C400B6FCB3;
			productRefGroup = 52363CB32284F0C400B6FCB3 /* Products */;
			projectDirPath = "";
			projectRoot = "";
			targets = (
				52363CB12284F0C400B6FCB3 /* CurrencyCoverter */,
				52363CC52284F0C900B6FCB3 /* CurrencyCoverterTests */,
				52363CD02284F0C900B6FCB3 /* CurrencyCoverterUITests */,
			);
		};
/* End PBXProject section */

/* Begin PBXResourcesBuildPhase section */
		52363CB02284F0C400B6FCB3 /* Resources */ = {
			isa = PBXResourcesBuildPhase;
			buildActionMask = 2147483647;
			files = (
				52363CC02284F0C900B6FCB3 /* LaunchScreen.storyboard in Resources */,
				52363CBD2284F0C900B6FCB3 /* Assets.xcassets in Resources */,
				52363CBB2284F0C500B6FCB3 /* Main.storyboard in Resources */,
			);
			runOnlyForDeploymentPostprocessing = 0;
		};
		52363CC42284F0C900B6FCB3 /* Resources */ = {
			isa = PBXResourcesBuildPhase;
			buildActionMask = 2147483647;
			files = (
			);
			runOnlyForDeploymentPostprocessing = 0;
		};
		52363CCF2284F0C900B6FCB3 /* Resources */ = {
			isa = PBXResourcesBuildPhase;
			buildActionMask = 2147483647;
			files = (
			);
			runOnlyForDeploymentPostprocessing = 0;
		};
/* End PBXResourcesBuildPhase section */

/* Begin PBXSourcesBuildPhase section */
		52363CAE2284F0C400B6FCB3 /* Sources */ = {
			isa = PBXSourcesBuildPhase;
			buildActionMask = 2147483647;
			files = (
				52363CB82284F0C500B6FCB3 /* ViewController.swift in Sources */,
				52363CB62284F0C400B6FCB3 /* AppDelegate.swift in Sources */,
			);
			runOnlyForDeploymentPostprocessing = 0;
		};
		52363CC22284F0C900B6FCB3 /* Sources */ = {
			isa = PBXSourcesBuildPhase;
			buildActionMask = 2147483647;
			files = (
				52363CCB2284F0C900B6FCB3 /* CurrencyCoverterTests.swift in Sources */,
			);
			runOnlyForDeploymentPostprocessing = 0;
		};
		52363CCD2284F0C900B6FCB3 /* Sources */ = {
			isa = PBXSourcesBuildPhase;
			buildActionMask = 2147483647;
			files = (
				52363CD62284F0CA00B6FCB3 /* CurrencyCoverterUITests.swift in Sources */,
			);
			runOnlyForDeploymentPostprocessing = 0;
		};
/* End PBXSourcesBuildPhase section */

/* Begin PBXTargetDependency section */
		52363CC82284F0C900B6FCB3 /* PBXTargetDependency */ = {
			isa = PBXTargetDependency;
			target = 52363CB12284F0C400B6FCB3 /* CurrencyCoverter */;
			targetProxy = 52363CC72284F0C900B6FCB3 /* PBXContainerItemProxy */;
		};
		52363CD32284F0C900B6FCB3 /* PBXTargetDependency */ = {
			isa = PBXTargetDependency;
			target = 52363CB12284F0C400B6FCB3 /* CurrencyCoverter */;
			targetProxy = 52363CD22284F0C900B6FCB3 /* PBXContainerItemProxy */;
		};
/* End PBXTargetDependency section */

/* Begin PBXVariantGroup section */
		52363CB92284F0C500B6FCB3 /* Main.storyboard */ = {
			isa = PBXVariantGroup;
			children = (
				52363CBA2284F0C500B6FCB3 /* Base */,
			);
			name = Main.storyboard;
			sourceTree = "<group>";
		};
		52363CBE2284F0C900B6FCB3 /* LaunchScreen.storyboard */ = {
			isa = PBXVariantGroup;
			children = (
				52363CBF2284F0C900B6FCB3 /* Base */,
			);
			name = LaunchScreen.storyboard;
			sourceTree = "<group>";
		};
/* End PBXVariantGroup section */

/* Begin XCBuildConfiguration section */
		52363CD82284F0CA00B6FCB3 /* Debug */ = {
			isa = XCBuildConfiguration;
			buildSettings = {
				ALWAYS_SEARCH_USER_PATHS = NO;
				CLANG_ANALYZER_NONNULL = YES;
				CLANG_ANALYZER_NUMBER_OBJECT_CONVERSION = YES_AGGRESSIVE;
				CLANG_CXX_LANGUAGE_STANDARD = "gnu++14";
				CLANG_CXX_LIBRARY = "libc++";
				CLANG_ENABLE_MODULES = YES;
				CLANG_ENABLE_OBJC_ARC = YES;
				CLANG_ENABLE_OBJC_WEAK = YES;
				CLANG_WARN_BLOCK_CAPTURE_AUTORELEASING = YES;
				CLANG_WARN_BOOL_CONVERSION = YES;
				CLANG_WARN_COMMA = YES;
				CLANG_WARN_CONSTANT_CONVERSION = YES;
				CLANG_WARN_DEPRECATED_OBJC_IMPLEMENTATIONS = YES;
				CLANG_WARN_DIRECT_OBJC_ISA_USAGE = YES_ERROR;
				CLANG_WARN_DOCUMENTATION_COMMENTS = YES;
				CLANG_WARN_EMPTY_BODY = YES;
				CLANG_WARN_ENUM_CONVERSION = YES;
				CLANG_WARN_INFINITE_RECURSION = YES;
				CLANG_WARN_INT_CONVERSION = YES;
				CLANG_WARN_NON_LITERAL_NULL_CONVERSION = YES;
				CLANG_WARN_OBJC_IMPLICIT_RETAIN_SELF = YES;
				CLANG_WARN_OBJC_LITERAL_CONVERSION = YES;
				CLANG_WARN_OBJC_ROOT_CLASS = YES_ERROR;
				CLANG_WARN_RANGE_LOOP_ANALYSIS = YES;
				CLANG_WARN_STRICT_PROTOTYPES = YES;
				CLANG_WARN_SUSPICIOUS_MOVE = YES;
				CLANG_WARN_UNGUARDED_AVAILABILITY = YES_AGGRESSIVE;
				CLANG_WARN_UNREACHABLE_CODE = YES;
				CLANG_WARN__DUPLICATE_METHOD_MATCH = YES;
				CODE_SIGN_IDENTITY = "iPhone Developer";
				COPY_PHASE_STRIP = NO;
				DEBUG_INFORMATION_FORMAT = dwarf;
				ENABLE_STRICT_OBJC_MSGSEND = YES;
				ENABLE_TESTABILITY = YES;
				GCC_C_LANGUAGE_STANDARD = gnu11;
				GCC_DYNAMIC_NO_PIC = NO;
				GCC_NO_COMMON_BLOCKS = YES;
				GCC_OPTIMIZATION_LEVEL = 0;
				GCC_PREPROCESSOR_DEFINITIONS = (
					"DEBUG=1",
					"$(inherited)",
				);
				GCC_WARN_64_TO_32_BIT_CONVERSION = YES;
				GCC_WARN_ABOUT_RETURN_TYPE = YES_ERROR;
				GCC_WARN_UNDECLARED_SELECTOR = YES;
				GCC_WARN_UNINITIALIZED_AUTOS = YES_AGGRESSIVE;
				GCC_WARN_UNUSED_FUNCTION = YES;
				GCC_WARN_UNUSED_VARIABLE = YES;
				IPHONEOS_DEPLOYMENT_TARGET = 12.1;
				MTL_ENABLE_DEBUG_INFO = INCLUDE_SOURCE;
				MTL_FAST_MATH = YES;
				ONLY_ACTIVE_ARCH = YES;
				SDKROOT = iphoneos;
				SWIFT_ACTIVE_COMPILATION_CONDITIONS = DEBUG;
				SWIFT_OPTIMIZATION_LEVEL = "-Onone";
			};
			name = Debug;
		};
		52363CD92284F0CA00B6FCB3 /* Release */ = {
			isa = XCBuildConfiguration;
			buildSettings = {
				ALWAYS_SEARCH_USER_PATHS = NO;
				CLANG_ANALYZER_NONNULL = YES;
				CLANG_ANALYZER_NUMBER_OBJECT_CONVERSION = YES_AGGRESSIVE;
				CLANG_CXX_LANGUAGE_STANDARD = "gnu++14";
				CLANG_CXX_LIBRARY = "libc++";
				CLANG_ENABLE_MODULES = YES;
				CLANG_ENABLE_OBJC_ARC = YES;
				CLANG_ENABLE_OBJC_WEAK = YES;
				CLANG_WARN_BLOCK_CAPTURE_AUTORELEASING = YES;
				CLANG_WARN_BOOL_CONVERSION = YES;
				CLANG_WARN_COMMA = YES;
				CLANG_WARN_CONSTANT_CONVERSION = YES;
				CLANG_WARN_DEPRECATED_OBJC_IMPLEMENTATIONS = YES;
				CLANG_WARN_DIRECT_OBJC_ISA_USAGE = YES_ERROR;
				CLANG_WARN_DOCUMENTATION_COMMENTS = YES;
				CLANG_WARN_EMPTY_BODY = YES;
				CLANG_WARN_ENUM_CONVERSION = YES;
				CLANG_WARN_INFINITE_RECURSION = YES;
				CLANG_WARN_INT_CONVERSION = YES;
				CLANG_WARN_NON_LITERAL_NULL_CONVERSION = YES;
				CLANG_WARN_OBJC_IMPLICIT_RETAIN_SELF = YES;
				CLANG_WARN_OBJC_LITERAL_CONVERSION = YES;
				CLANG_WARN_OBJC_ROOT_CLASS = YES_ERROR;
				CLANG_WARN_RANGE_LOOP_ANALYSIS = YES;
				CLANG_WARN_STRICT_PROTOTYPES = YES;
				CLANG_WARN_SUSPICIOUS_MOVE = YES;
				CLANG_WARN_UNGUARDED_AVAILABILITY = YES_AGGRESSIVE;
				CLANG_WARN_UNREACHABLE_CODE = YES;
				CLANG_WARN__DUPLICATE_METHOD_MATCH = YES;
				CODE_SIGN_IDENTITY = "iPhone Developer";
				COPY_PHASE_STRIP = NO;
				DEBUG_INFORMATION_FORMAT = "dwarf-with-dsym";
				ENABLE_NS_ASSERTIONS = NO;
				ENABLE_STRICT_OBJC_MSGSEND = YES;
				GCC_C_LANGUAGE_STANDARD = gnu11;
				GCC_NO_COMMON_BLOCKS = YES;
				GCC_WARN_64_TO_32_BIT_CONVERSION = YES;
				GCC_WARN_ABOUT_RETURN_TYPE = YES_ERROR;
				GCC_WARN_UNDECLARED_SELECTOR = YES;
				GCC_WARN_UNINITIALIZED_AUTOS = YES_AGGRESSIVE;
				GCC_WARN_UNUSED_FUNCTION = YES;
				GCC_WARN_UNUSED_VARIABLE = YES;
				IPHONEOS_DEPLOYMENT_TARGET = 12.1;
				MTL_ENABLE_DEBUG_INFO = NO;
				MTL_FAST_MATH = YES;
				SDKROOT = iphoneos;
				SWIFT_COMPILATION_MODE = wholemodule;
				SWIFT_OPTIMIZATION_LEVEL = "-O";
				VALIDATE_PRODUCT = YES;
			};
			name = Release;
		};
		52363CDB2284F0CA00B6FCB3 /* Debug */ = {
			isa = XCBuildConfiguration;
			buildSettings = {
				ASSETCATALOG_COMPILER_APPICON_NAME = AppIcon;
				CODE_SIGN_STYLE = Automatic;
				INFOPLIST_FILE = CurrencyCoverter/Info.plist;
				LD_RUNPATH_SEARCH_PATHS = (
					"$(inherited)",
					"@executable_path/Frameworks",
				);
				PRODUCT_BUNDLE_IDENTIFIER = com.hanting.CurrencyCoverter;
				PRODUCT_NAME = "$(TARGET_NAME)";
				SWIFT_VERSION = 4.2;
				TARGETED_DEVICE_FAMILY = "1,2";
			};
			name = Debug;
		};
		52363CDC2284F0CA00B6FCB3 /* Release */ = {
			isa = XCBuildConfiguration;
			buildSettings = {
				ASSETCATALOG_COMPILER_APPICON_NAME = AppIcon;
				CODE_SIGN_STYLE = Automatic;
				INFOPLIST_FILE = CurrencyCoverter/Info.plist;
				LD_RUNPATH_SEARCH_PATHS = (
					"$(inherited)",
					"@executable_path/Frameworks",
				);
				PRODUCT_BUNDLE_IDENTIFIER = com.hanting.CurrencyCoverter;
				PRODUCT_NAME = "$(TARGET_NAME)";
				SWIFT_VERSION = 4.2;
				TARGETED_DEVICE_FAMILY = "1,2";
			};
			name = Release;
		};
		52363CDE2284F0CA00B6FCB3 /* Debug */ = {
			isa = XCBuildConfiguration;
			buildSettings = {
				ALWAYS_EMBED_SWIFT_STANDARD_LIBRARIES = YES;
				BUNDLE_LOADER = "$(TEST_HOST)";
				CODE_SIGN_STYLE = Automatic;
				INFOPLIST_FILE = CurrencyCoverterTests/Info.plist;
				LD_RUNPATH_SEARCH_PATHS = (
					"$(inherited)",
					"@executable_path/Frameworks",
					"@loader_path/Frameworks",
				);
				PRODUCT_BUNDLE_IDENTIFIER = com.hanting.CurrencyCoverterTests;
				PRODUCT_NAME = "$(TARGET_NAME)";
				SWIFT_VERSION = 4.2;
				TARGETED_DEVICE_FAMILY = "1,2";
				TEST_HOST = "$(BUILT_PRODUCTS_DIR)/CurrencyCoverter.app/CurrencyCoverter";
			};
			name = Debug;
		};
		52363CDF2284F0CA00B6FCB3 /* Release */ = {
			isa = XCBuildConfiguration;
			buildSettings = {
				ALWAYS_EMBED_SWIFT_STANDARD_LIBRARIES = YES;
				BUNDLE_LOADER = "$(TEST_HOST)";
				CODE_SIGN_STYLE = Automatic;
				INFOPLIST_FILE = CurrencyCoverterTests/Info.plist;
				LD_RUNPATH_SEARCH_PATHS = (
					"$(inherited)",
					"@executable_path/Frameworks",
					"@loader_path/Frameworks",
				);
				PRODUCT_BUNDLE_IDENTIFIER = com.hanting.CurrencyCoverterTests;
				PRODUCT_NAME = "$(TARGET_NAME)";
				SWIFT_VERSION = 4.2;
				TARGETED_DEVICE_FAMILY = "1,2";
				TEST_HOST = "$(BUILT_PRODUCTS_DIR)/CurrencyCoverter.app/CurrencyCoverter";
			};
			name = Release;
		};
		52363CE12284F0CA00B6FCB3 /* Debug */ = {
			isa = XCBuildConfiguration;
			buildSettings = {
				ALWAYS_EMBED_SWIFT_STANDARD_LIBRARIES = YES;
				CODE_SIGN_STYLE = Automatic;
				INFOPLIST_FILE = CurrencyCoverterUITests/Info.plist;
				LD_RUNPATH_SEARCH_PATHS = (
					"$(inherited)",
					"@executable_path/Frameworks",
					"@loader_path/Frameworks",
				);
				PRODUCT_BUNDLE_IDENTIFIER = com.hanting.CurrencyCoverterUITests;
				PRODUCT_NAME = "$(TARGET_NAME)";
				SWIFT_VERSION = 4.2;
				TARGETED_DEVICE_FAMILY = "1,2";
				TEST_TARGET_NAME = CurrencyCoverter;
			};
			name = Debug;
		};
		52363CE22284F0CA00B6FCB3 /* Release */ = {
			isa = XCBuildConfiguration;
			buildSettings = {
				ALWAYS_EMBED_SWIFT_STANDARD_LIBRARIES = YES;
				CODE_SIGN_STYLE = Automatic;
				INFOPLIST_FILE = CurrencyCoverterUITests/Info.plist;
				LD_RUNPATH_SEARCH_PATHS = (
					"$(inherited)",
					"@executable_path/Frameworks",
					"@loader_path/Frameworks",
				);
				PRODUCT_BUNDLE_IDENTIFIER = com.hanting.CurrencyCoverterUITests;
				PRODUCT_NAME = "$(TARGET_NAME)";
				SWIFT_VERSION = 4.2;
				TARGETED_DEVICE_FAMILY = "1,2";
				TEST_TARGET_NAME = CurrencyCoverter;
			};
			name = Release;
		};
/* End XCBuildConfiguration section */

/* Begin XCConfigurationList section */
		52363CAD2284F0C400B6FCB3 /* Build configuration list for PBXProject "CurrencyCoverter" */ = {
			isa = XCConfigurationList;
			buildConfigurations = (
				52363CD82284F0CA00B6FCB3 /* Debug */,
				52363CD92284F0CA00B6FCB3 /* Release */,
			);
			defaultConfigurationIsVisible = 0;
			defaultConfigurationName = Release;
		};
		52363CDA2284F0CA00B6FCB3 /* Build configuration list for PBXNativeTarget "CurrencyCoverter" */ = {
			isa = XCConfigurationList;
			buildConfigurations = (
				52363CDB2284F0CA00B6FCB3 /* Debug */,
				52363CDC2284F0CA00B6FCB3 /* Release */,
			);
			defaultConfigurationIsVisible = 0;
			defaultConfigurationName = Release;
		};
		52363CDD2284F0CA00B6FCB3 /* Build configuration list for PBXNativeTarget "CurrencyCoverterTests" */ = {
			isa = XCConfigurationList;
			buildConfigurations = (
				52363CDE2284F0CA00B6FCB3 /* Debug */,
				52363CDF2284F0CA00B6FCB3 /* Release */,
			);
			defaultConfigurationIsVisible = 0;
			defaultConfigurationName = Release;
		};
		52363CE02284F0CA00B6FCB3 /* Build configuration list for PBXNativeTarget "CurrencyCoverterUITests" */ = {
			isa = XCConfigurationList;
			buildConfigurations = (
				52363CE12284F0CA00B6FCB3 /* Debug */,
				52363CE22284F0CA00B6FCB3 /* Release */,
			);
			defaultConfigurationIsVisible = 0;
			defaultConfigurationName = Release;
		};
/* End XCConfigurationList section */
	};
	rootObject = 52363CAA2284F0C400B6FCB3 /* Project object */;
}
